{
  "name": "aframe-smart-home",
  "version": "0.0.1",
  "lockfileVersion": 1,
  "requires": true,
  "dependencies": {
    "iotjs-express": {
      "version": "0.0.7",
      "resolved": "https://registry.npmjs.org/iotjs-express/-/iotjs-express-0.0.7.tgz",
      "integrity": "sha512-rgqj+rkWqTXk7fMFdVdzv6Vsq6jzD7+LSRoMsPC4UUqo4Zq5a9euiAZ5PH0YX2jIynmzxrE+rssF4VhyQqMFGw=="
    },
    "webthing-iotjs": {
      "version": "0.12.1-0",
      "resolved": "https://registry.npmjs.org/webthing-iotjs/-/webthing-iotjs-0.12.1-0.tgz",
      "integrity": "sha512-HHu6/gALi6dN3F88Nbt3am8g0JYh67vT4o9iW9RG0VzB9tbN65tIfSj+BXqFpkTv5HdMIwhlwEmwMVUTxR5Gsw==",
      "requires": {
        "iotjs-express": "^0.0.7"
      }
    }
  }
}
